
Microsoft Visual Studio Solution File, Format Version 11.00
# Visual Studio 2010
Project("{F6CA8FB3-8D81-4647-9D4D-8201B80AB8A4}") = "SERVER", "SERVER\SERVER.vcxproj", "{059D3E13-831A-4782-A9B4-288B8B4426DF}"
EndProject
Project("{F6CA8FB3-8D81-4647-9D4D-8201B80AB8A4}") = "CLIENT", "CLIENT\CLIENT.vcxproj", "{7243E798-F594-43D0-813C-E70C7924BD47}"
EndProject
Global
	GlobalSection(SolutionConfigurationPlatforms) = preSolution
		Debug|Win32 = Debug|Win32
		Release|Win32 = Release|Win32
	EndGlobalSection
	GlobalSection(ProjectConfigurationPlatforms) = postSolution
		{059D3E13-831A-4782-A9B4-288B8B4426DF}.Debug|Win32.ActiveCfg = Debug|Win32
		{059D3E13-831A-4782-A9B4-288B8B4426DF}.Debug|Win32.Build.0 = Debug|Win32
		{059D3E13-831A-4782-A9B4-288B8B4426DF}.Release|Win32.ActiveCfg = Release|Win32
		{059D3E13-831A-4782-A9B4-288B8B4426DF}.Release|Win32.Build.0 = Release|Win32
		{7243E798-F594-43D0-813C-E70C7924BD47}.Debug|Win32.ActiveCfg = Debug|Win32
		{7243E798-F594-43D0-813C-E70C7924BD47}.Debug|Win32.Build.0 = Debug|Win32
		{7243E798-F594-43D0-813C-E70C7924BD47}.Release|Win32.ActiveCfg = Release|Win32
		{7243E798-F594-43D0-813C-E70C7924BD47}.Release|Win32.Build.0 = Release|Win32
	EndGlobalSection
	GlobalSection(SolutionProperties) = preSolution
		HideSolutionNode = FALSE
	EndGlobalSection
EndGlobal
