<?xml version="1.0" encoding="utf-8"?>
<Project ToolsVersion="4.0" xmlns="http://schemas.microsoft.com/developer/msbuild/2003">
  <ItemGroup>
    <Filter Include="Source Files">
      <UniqueIdentifier>{a95bcfa2-4f78-4763-b9d8-48b08e03ed4a}</UniqueIdentifier>
    </Filter>
    <Filter Include="Generated Files">
      <UniqueIdentifier>{95c44751-2364-47fd-8837-4556528cfc78}</UniqueIdentifier>
      <SourceControlFiles>False</SourceControlFiles>
    </Filter>
  </ItemGroup>
  <ItemGroup>
    <None Include="Polygonps.def" />
  </ItemGroup>
  <ItemGroup>
    <ClCompile Include="Polygon_i.c">
      <Filter>Generated Files</Filter>
    </ClCompile>
    <ClCompile Include="Polygon_p.c">
      <Filter>Generated Files</Filter>
    </ClCompile>
    <ClCompile Include="dlldata.c">
      <Filter>Generated Files</Filter>
    </ClCompile>
  </ItemGroup>
</Project>