<?xml version="1.0" encoding="utf-8"?>
<Project ToolsVersion="4.0" xmlns="http://schemas.microsoft.com/developer/msbuild/2003">
  <ItemGroup>
    <Filter Include="Source Files">
      <UniqueIdentifier>{91478747-5fac-4e2c-9ce4-9469e90ac086}</UniqueIdentifier>
    </Filter>
    <Filter Include="Generated Files">
      <UniqueIdentifier>{f62d9c8c-2976-42cb-8cab-335d2aa9f837}</UniqueIdentifier>
      <SourceControlFiles>False</SourceControlFiles>
    </Filter>
  </ItemGroup>
  <ItemGroup>
    <None Include="Lab3_Task_Serverps.def" />
  </ItemGroup>
  <ItemGroup>
    <ClCompile Include="Lab3_Task_Server_i.c">
      <Filter>Generated Files</Filter>
    </ClCompile>
    <ClCompile Include="Lab3_Task_Server_p.c">
      <Filter>Generated Files</Filter>
    </ClCompile>
    <ClCompile Include="dlldata.c">
      <Filter>Generated Files</Filter>
    </ClCompile>
  </ItemGroup>
</Project>